<?xml version="1.0" encoding="utf-8"?>
<Project ToolsVersion="4.0" xmlns="http://schemas.microsoft.com/developer/msbuild/2003">
  <ItemGroup>
    <Filter Include="Quelldateien">
      <UniqueIdentifier>{4FC737F1-C7A5-4376-A066-2A32D752A2FF}</UniqueIdentifier>
      <Extensions>cpp;c;cc;cxx;c++;cppm;ixx;def;odl;idl;hpj;bat;asm;asmx</Extensions>
    </Filter>
    <Filter Include="Headerdateien">
      <UniqueIdentifier>{93995380-89BD-4b04-88EB-625FBE52EBFB}</UniqueIdentifier>
      <Extensions>h;hh;hpp;hxx;h++;hm;inl;inc;ipp;xsd</Extensions>
    </Filter>
    <Filter Include="Ressourcendateien">
      <UniqueIdentifier>{67DA6AB6-F800-4c08-8B7A-83BB121AAD01}</UniqueIdentifier>
      <Extensions>rc;ico;cur;bmp;dlg;rc2;rct;bin;rgs;gif;jpg;jpeg;jpe;resx;tiff;tif;png;wav;mfcribbon-ms</Extensions>
    </Filter>
  </ItemGroup>
  <ItemGroup>
    <ClCompile Include="src\Abilities\Ability.cpp">
      <Filter>Quelldateien</Filter>
    </ClCompile>
    <ClCompile Include="src\Abilities\Fireball.cpp">
      <Filter>Quelldateien</Filter>
    </ClCompile>
    <ClCompile Include="src\Abilities\Rejuvenate.cpp">
      <Filter>Quelldateien</Filter>
    </ClCompile>
    <ClCompile Include="src\Abilities\Meteorstrike.cpp">
      <Filter>Quelldateien</Filter>
    </ClCompile>
    <ClCompile Include="src\Math\Cell.cpp">
      <Filter>Quelldateien</Filter>
    </ClCompile>
    <ClCompile Include="src\Math\Grid.cpp">
      <Filter>Quelldateien</Filter>
    </ClCompile>
    <ClCompile Include="src\Math\Int2.cpp">
      <Filter>Quelldateien</Filter>
    </ClCompile>
    <ClCompile Include="src\Utility\Random.cpp">
      <Filter>Quelldateien</Filter>
    </ClCompile>
    <ClCompile Include="src\Character.cpp">
      <Filter>Quelldateien</Filter>
    </ClCompile>
    <ClCompile Include="src\Enemy.cpp">
      <Filter>Quelldateien</Filter>
    </ClCompile>
    <ClCompile Include="src\Game.cpp">
      <Filter>Quelldateien</Filter>
    </ClCompile>
    <ClCompile Include="src\Player.cpp">
      <Filter>Quelldateien</Filter>
    </ClCompile>
    <ClCompile Include="Main.cpp">
      <Filter>Quelldateien</Filter>
    </ClCompile>
    <ClCompile Include="src\Abilities\Backstab.cpp">
      <Filter>Quelldateien</Filter>
    </ClCompile>
    <ClCompile Include="src\Abilities\Claw.cpp">
      <Filter>Quelldateien</Filter>
    </ClCompile>
    <ClCompile Include="src\Abilities\Howl.cpp">
      <Filter>Quelldateien</Filter>
    </ClCompile>
    <ClCompile Include="src\Abilities\Rumble.cpp">
      <Filter>Quelldateien</Filter>
    </ClCompile>
    <ClCompile Include="src\Abilities\Smash.cpp">
      <Filter>Quelldateien</Filter>
    </ClCompile>
    <ClCompile Include="src\Enemies\Yeti.cpp">
      <Filter>Quelldateien</Filter>
    </ClCompile>
    <ClCompile Include="src\Enemies\Crawler.cpp">
      <Filter>Quelldateien</Filter>
    </ClCompile>
    <ClCompile Include="src\Enemies\Monolith.cpp">
      <Filter>Quelldateien</Filter>
    </ClCompile>
    <ClCompile Include="src\Enemies\Exile.cpp">
      <Filter>Quelldateien</Filter>
    </ClCompile>
    <ClCompile Include="src\Enemies\FoF.cpp">
      <Filter>Quelldateien</Filter>
    </ClCompile>
  </ItemGroup>
  <ItemGroup>
    <ClInclude Include="src\Abilities\Ability.h">
      <Filter>Headerdateien</Filter>
    </ClInclude>
    <ClInclude Include="src\Abilities\Fireball.h">
      <Filter>Headerdateien</Filter>
    </ClInclude>
    <ClInclude Include="src\Abilities\Rejuvenate.h">
      <Filter>Headerdateien</Filter>
    </ClInclude>
    <ClInclude Include="src\Abilities\Meteorstrike.h">
      <Filter>Headerdateien</Filter>
    </ClInclude>
    <ClInclude Include="src\Math\Cell.h">
      <Filter>Headerdateien</Filter>
    </ClInclude>
    <ClInclude Include="src\Math\Grid.h">
      <Filter>Headerdateien</Filter>
    </ClInclude>
    <ClInclude Include="src\Math\Int2.h">
      <Filter>Headerdateien</Filter>
    </ClInclude>
    <ClInclude Include="src\Math\Math.h">
      <Filter>Headerdateien</Filter>
    </ClInclude>
    <ClInclude Include="src\Utility\Random.h">
      <Filter>Headerdateien</Filter>
    </ClInclude>
    <ClInclude Include="src\Character.h">
      <Filter>Headerdateien</Filter>
    </ClInclude>
    <ClInclude Include="src\Enemy.h">
      <Filter>Headerdateien</Filter>
    </ClInclude>
    <ClInclude Include="src\Game.h">
      <Filter>Headerdateien</Filter>
    </ClInclude>
    <ClInclude Include="src\Player.h">
      <Filter>Headerdateien</Filter>
    </ClInclude>
    <ClInclude Include="GameParameters.h">
      <Filter>Headerdateien</Filter>
    </ClInclude>
    <ClInclude Include="src\Abilities\Smash.h">
      <Filter>Headerdateien</Filter>
    </ClInclude>
    <ClInclude Include="src\Abilities\Howl.h">
      <Filter>Headerdateien</Filter>
    </ClInclude>
    <ClInclude Include="src\Abilities\Claw.h">
      <Filter>Headerdateien</Filter>
    </ClInclude>
    <ClInclude Include="src\Abilities\Rumble.h">
      <Filter>Headerdateien</Filter>
    </ClInclude>
    <ClInclude Include="src\Abilities\Backstab.h">
      <Filter>Headerdateien</Filter>
    </ClInclude>
    <ClInclude Include="src\Enemies\Crawler.h">
      <Filter>Headerdateien</Filter>
    </ClInclude>
    <ClInclude Include="src\Enemies\Exile.h">
      <Filter>Headerdateien</Filter>
    </ClInclude>
    <ClInclude Include="src\Enemies\FoF.h">
      <Filter>Headerdateien</Filter>
    </ClInclude>
    <ClInclude Include="src\Enemies\Monolith.h">
      <Filter>Headerdateien</Filter>
    </ClInclude>
    <ClInclude Include="src\Enemies\Yeti.h">
      <Filter>Headerdateien</Filter>
    </ClInclude>
  </ItemGroup>
</Project>